
Microsoft Visual Studio Solution File, Format Version 12.00
# Visual Studio Version 16
VisualStudioVersion = 16.0.29403.142
MinimumVisualStudioVersion = 10.0.40219.1
Project("{FAE04EC0-301F-11D3-BF4B-00C04F79EFBC}") = "Engenharia de Software", "Engenharia de Software\Engenharia de Software.csproj", "{08F19AD1-9E5B-40DF-9600-2F15F7076539}"
EndProject
Global
	GlobalSection(SolutionConfigurationPlatforms) = preSolution
		Debug|Any CPU = Debug|Any CPU
		Release|Any CPU = Release|Any CPU
	EndGlobalSection
	GlobalSection(ProjectConfigurationPlatforms) = postSolution
		{08F19AD1-9E5B-40DF-9600-2F15F7076539}.Debug|Any CPU.ActiveCfg = Debug|Any CPU
		{08F19AD1-9E5B-40DF-9600-2F15F7076539}.Debug|Any CPU.Build.0 = Debug|Any CPU
		{08F19AD1-9E5B-40DF-9600-2F15F7076539}.Release|Any CPU.ActiveCfg = Release|Any CPU
		{08F19AD1-9E5B-40DF-9600-2F15F7076539}.Release|Any CPU.Build.0 = Release|Any CPU
	EndGlobalSection
	GlobalSection(SolutionProperties) = preSolution
		HideSolutionNode = FALSE
	EndGlobalSection
	GlobalSection(ExtensibilityGlobals) = postSolution
		SolutionGuid = {96A3FD5D-BF34-4397-BFBC-374379410820}
	EndGlobalSection
EndGlobal
